// !$*UTF8*$!
{
	archiveVersion = 1;
	classes = {
	};
	objectVersion = 56;
	objects = {

/* Begin PBXBuildFile section */
		A1D5E0B92CFF392400040A94 /* PunchSyncApp.swift in Sources */ = {isa = PBXBuildFile; fileRef = A1D5E0B82CFF392400040A94 /* PunchSyncApp.swift */; };
		A1D5E0BB2CFF392400040A94 /* ContentView.swift in Sources */ = {isa = PBXBuildFile; fileRef = A1D5E0BA2CFF392400040A94 /* ContentView.swift */; };
		A1D5E0BD2CFF392600040A94 /* Assets.xcassets in Resources */ = {isa = PBXBuildFile; fileRef = A1D5E0BC2CFF392600040A94 /* Assets.xcassets */; };
		A1D5E0C02CFF392600040A94 /* Preview Assets.xcassets in Resources */ = {isa = PBXBuildFile; fileRef = A1D5E0BF2CFF392600040A94 /* Preview Assets.xcassets */; };
		A1D5E0CA2CFF438200040A94 /* FirebaseAnalytics in Frameworks */ = {isa = PBXBuildFile; productRef = A1D5E0C92CFF438200040A94 /* FirebaseAnalytics */; };
		A1D5E0CC2CFF438200040A94 /* FirebaseAnalyticsOnDeviceConversion in Frameworks */ = {isa = PBXBuildFile; productRef = A1D5E0CB2CFF438200040A94 /* FirebaseAnalyticsOnDeviceConversion */; };
		A1D5E0CE2CFF438200040A94 /* FirebaseAnalyticsWithoutAdIdSupport in Frameworks */ = {isa = PBXBuildFile; productRef = A1D5E0CD2CFF438200040A94 /* FirebaseAnalyticsWithoutAdIdSupport */; };
		A1D5E0D02CFF438200040A94 /* FirebaseAppCheck in Frameworks */ = {isa = PBXBuildFile; productRef = A1D5E0CF2CFF438200040A94 /* FirebaseAppCheck */; };
		A1D5E0D22CFF438200040A94 /* FirebaseAppDistribution-Beta in Frameworks */ = {isa = PBXBuildFile; productRef = A1D5E0D12CFF438200040A94 /* FirebaseAppDistribution-Beta */; };
		A1D5E0D42CFF438200040A94 /* FirebaseAuth in Frameworks */ = {isa = PBXBuildFile; productRef = A1D5E0D32CFF438200040A94 /* FirebaseAuth */; };
		A1D5E0D62CFF438200040A94 /* FirebaseAuthCombine-Community in Frameworks */ = {isa = PBXBuildFile; productRef = A1D5E0D52CFF438200040A94 /* FirebaseAuthCombine-Community */; };
		A1D5E0D82CFF438200040A94 /* FirebaseCore in Frameworks */ = {isa = PBXBuildFile; productRef = A1D5E0D72CFF438200040A94 /* FirebaseCore */; };
		A1D5E0DA2CFF438200040A94 /* FirebaseCrashlytics in Frameworks */ = {isa = PBXBuildFile; productRef = A1D5E0D92CFF438200040A94 /* FirebaseCrashlytics */; };
		A1D5E0DC2CFF438200040A94 /* FirebaseDatabase in Frameworks */ = {isa = PBXBuildFile; productRef = A1D5E0DB2CFF438200040A94 /* FirebaseDatabase */; };
		A1D5E0DE2CFF438200040A94 /* FirebaseDynamicLinks in Frameworks */ = {isa = PBXBuildFile; productRef = A1D5E0DD2CFF438200040A94 /* FirebaseDynamicLinks */; };
		A1D5E0E02CFF438200040A94 /* FirebaseFirestore in Frameworks */ = {isa = PBXBuildFile; productRef = A1D5E0DF2CFF438200040A94 /* FirebaseFirestore */; };
		A1D5E0E22CFF438200040A94 /* FirebaseFirestoreCombine-Community in Frameworks */ = {isa = PBXBuildFile; productRef = A1D5E0E12CFF438200040A94 /* FirebaseFirestoreCombine-Community */; };
		A1D5E0E42CFF438200040A94 /* FirebaseFunctions in Frameworks */ = {isa = PBXBuildFile; productRef = A1D5E0E32CFF438200040A94 /* FirebaseFunctions */; };
		A1D5E0E62CFF438200040A94 /* FirebaseFunctionsCombine-Community in Frameworks */ = {isa = PBXBuildFile; productRef = A1D5E0E52CFF438200040A94 /* FirebaseFunctionsCombine-Community */; };
		A1D5E0E82CFF438200040A94 /* FirebaseInAppMessaging-Beta in Frameworks */ = {isa = PBXBuildFile; productRef = A1D5E0E72CFF438200040A94 /* FirebaseInAppMessaging-Beta */; };
		A1D5E0EA2CFF438200040A94 /* FirebaseInstallations in Frameworks */ = {isa = PBXBuildFile; productRef = A1D5E0E92CFF438200040A94 /* FirebaseInstallations */; };
		A1D5E0EC2CFF438200040A94 /* FirebaseMLModelDownloader in Frameworks */ = {isa = PBXBuildFile; productRef = A1D5E0EB2CFF438200040A94 /* FirebaseMLModelDownloader */; };
		A1D5E0EE2CFF438200040A94 /* FirebaseMessaging in Frameworks */ = {isa = PBXBuildFile; productRef = A1D5E0ED2CFF438200040A94 /* FirebaseMessaging */; };
		A1D5E0F02CFF438200040A94 /* FirebasePerformance in Frameworks */ = {isa = PBXBuildFile; productRef = A1D5E0EF2CFF438200040A94 /* FirebasePerformance */; };
		A1D5E0F22CFF438200040A94 /* FirebaseRemoteConfig in Frameworks */ = {isa = PBXBuildFile; productRef = A1D5E0F12CFF438200040A94 /* FirebaseRemoteConfig */; };
		A1D5E0F42CFF438200040A94 /* FirebaseStorage in Frameworks */ = {isa = PBXBuildFile; productRef = A1D5E0F32CFF438200040A94 /* FirebaseStorage */; };
		A1D5E0F62CFF438200040A94 /* FirebaseStorageCombine-Community in Frameworks */ = {isa = PBXBuildFile; productRef = A1D5E0F52CFF438200040A94 /* FirebaseStorageCombine-Community */; };
		A1D5E0F82CFF438200040A94 /* FirebaseVertexAI in Frameworks */ = {isa = PBXBuildFile; productRef = A1D5E0F72CFF438200040A94 /* FirebaseVertexAI */; };
		A1D5E0FA2CFF466700040A94 /* GoogleService-Info.plist in Resources */ = {isa = PBXBuildFile; fileRef = A1D5E0F92CFF466600040A94 /* GoogleService-Info.plist */; };
/* End PBXBuildFile section */

/* Begin PBXFileReference section */
		A1D5E0B52CFF392400040A94 /* PunchSync.app */ = {isa = PBXFileReference; explicitFileType = wrapper.application; includeInIndex = 0; path = PunchSync.app; sourceTree = BUILT_PRODUCTS_DIR; };
		A1D5E0B82CFF392400040A94 /* PunchSyncApp.swift */ = {isa = PBXFileReference; lastKnownFileType = sourcecode.swift; path = PunchSyncApp.swift; sourceTree = "<group>"; };
		A1D5E0BA2CFF392400040A94 /* ContentView.swift */ = {isa = PBXFileReference; lastKnownFileType = sourcecode.swift; path = ContentView.swift; sourceTree = "<group>"; };
		A1D5E0BC2CFF392600040A94 /* Assets.xcassets */ = {isa = PBXFileReference; lastKnownFileType = folder.assetcatalog; path = Assets.xcassets; sourceTree = "<group>"; };
		A1D5E0BF2CFF392600040A94 /* Preview Assets.xcassets */ = {isa = PBXFileReference; lastKnownFileType = folder.assetcatalog; path = "Preview Assets.xcassets"; sourceTree = "<group>"; };
		A1D5E0F92CFF466600040A94 /* GoogleService-Info.plist */ = {isa = PBXFileReference; fileEncoding = 4; lastKnownFileType = text.plist.xml; path = "GoogleService-Info.plist"; sourceTree = "<group>"; };
/* End PBXFileReference section */

/* Begin PBXFrameworksBuildPhase section */
		A1D5E0B22CFF392400040A94 /* Frameworks */ = {
			isa = PBXFrameworksBuildPhase;
			buildActionMask = 2147483647;
			files = (
				A1D5E0E22CFF438200040A94 /* FirebaseFirestoreCombine-Community in Frameworks */,
				A1D5E0F82CFF438200040A94 /* FirebaseVertexAI in Frameworks */,
				A1D5E0E42CFF438200040A94 /* FirebaseFunctions in Frameworks */,
				A1D5E0F02CFF438200040A94 /* FirebasePerformance in Frameworks */,
				A1D5E0F62CFF438200040A94 /* FirebaseStorageCombine-Community in Frameworks */,
				A1D5E0F22CFF438200040A94 /* FirebaseRemoteConfig in Frameworks */,
				A1D5E0DC2CFF438200040A94 /* FirebaseDatabase in Frameworks */,
				A1D5E0DE2CFF438200040A94 /* FirebaseDynamicLinks in Frameworks */,
				A1D5E0D02CFF438200040A94 /* FirebaseAppCheck in Frameworks */,
				A1D5E0D42CFF438200040A94 /* FirebaseAuth in Frameworks */,
				A1D5E0CA2CFF438200040A94 /* FirebaseAnalytics in Frameworks */,
				A1D5E0E02CFF438200040A94 /* FirebaseFirestore in Frameworks */,
				A1D5E0EE2CFF438200040A94 /* FirebaseMessaging in Frameworks */,
				A1D5E0EA2CFF438200040A94 /* FirebaseInstallations in Frameworks */,
				A1D5E0E62CFF438200040A94 /* FirebaseFunctionsCombine-Community in Frameworks */,
				A1D5E0D22CFF438200040A94 /* FirebaseAppDistribution-Beta in Frameworks */,
				A1D5E0CE2CFF438200040A94 /* FirebaseAnalyticsWithoutAdIdSupport in Frameworks */,
				A1D5E0E82CFF438200040A94 /* FirebaseInAppMessaging-Beta in Frameworks */,
				A1D5E0D62CFF438200040A94 /* FirebaseAuthCombine-Community in Frameworks */,
				A1D5E0DA2CFF438200040A94 /* FirebaseCrashlytics in Frameworks */,
				A1D5E0EC2CFF438200040A94 /* FirebaseMLModelDownloader in Frameworks */,
				A1D5E0F42CFF438200040A94 /* FirebaseStorage in Frameworks */,
				A1D5E0D82CFF438200040A94 /* FirebaseCore in Frameworks */,
				A1D5E0CC2CFF438200040A94 /* FirebaseAnalyticsOnDeviceConversion in Frameworks */,
			);
			runOnlyForDeploymentPostprocessing = 0;
		};
/* End PBXFrameworksBuildPhase section */

/* Begin PBXGroup section */
		A1D5E0AC2CFF392400040A94 = {
			isa = PBXGroup;
			children = (
				A1D5E0B72CFF392400040A94 /* PunchSync */,
				A1D5E0B62CFF392400040A94 /* Products */,
			);
			sourceTree = "<group>";
		};
		A1D5E0B62CFF392400040A94 /* Products */ = {
			isa = PBXGroup;
			children = (
				A1D5E0B52CFF392400040A94 /* PunchSync.app */,
			);
			name = Products;
			sourceTree = "<group>";
		};
		A1D5E0B72CFF392400040A94 /* PunchSync */ = {
			isa = PBXGroup;
			children = (
				A1D5E0F92CFF466600040A94 /* GoogleService-Info.plist */,
				A1D5E0B82CFF392400040A94 /* PunchSyncApp.swift */,
				A1D5E0BA2CFF392400040A94 /* ContentView.swift */,
				A1D5E0BC2CFF392600040A94 /* Assets.xcassets */,
				A1D5E0BE2CFF392600040A94 /* Preview Content */,
			);
			path = PunchSync;
			sourceTree = "<group>";
		};
		A1D5E0BE2CFF392600040A94 /* Preview Content */ = {
			isa = PBXGroup;
			children = (
				A1D5E0BF2CFF392600040A94 /* Preview Assets.xcassets */,
			);
			path = "Preview Content";
			sourceTree = "<group>";
		};
/* End PBXGroup section */

/* Begin PBXNativeTarget section */
		A1D5E0B42CFF392400040A94 /* PunchSync */ = {
			isa = PBXNativeTarget;
			buildConfigurationList = A1D5E0C32CFF392600040A94 /* Build configuration list for PBXNativeTarget "PunchSync" */;
			buildPhases = (
				A1D5E0B12CFF392400040A94 /* Sources */,
				A1D5E0B22CFF392400040A94 /* Frameworks */,
				A1D5E0B32CFF392400040A94 /* Resources */,
			);
			buildRules = (
			);
			dependencies = (
			);
			name = PunchSync;
			packageProductDependencies = (
				A1D5E0C92CFF438200040A94 /* FirebaseAnalytics */,
				A1D5E0CB2CFF438200040A94 /* FirebaseAnalyticsOnDeviceConversion */,
				A1D5E0CD2CFF438200040A94 /* FirebaseAnalyticsWithoutAdIdSupport */,
				A1D5E0CF2CFF438200040A94 /* FirebaseAppCheck */,
				A1D5E0D12CFF438200040A94 /* FirebaseAppDistribution-Beta */,
				A1D5E0D32CFF438200040A94 /* FirebaseAuth */,
				A1D5E0D52CFF438200040A94 /* FirebaseAuthCombine-Community */,
				A1D5E0D72CFF438200040A94 /* FirebaseCore */,
				A1D5E0D92CFF438200040A94 /* FirebaseCrashlytics */,
				A1D5E0DB2CFF438200040A94 /* FirebaseDatabase */,
				A1D5E0DD2CFF438200040A94 /* FirebaseDynamicLinks */,
				A1D5E0DF2CFF438200040A94 /* FirebaseFirestore */,
				A1D5E0E12CFF438200040A94 /* FirebaseFirestoreCombine-Community */,
				A1D5E0E32CFF438200040A94 /* FirebaseFunctions */,
				A1D5E0E52CFF438200040A94 /* FirebaseFunctionsCombine-Community */,
				A1D5E0E72CFF438200040A94 /* FirebaseInAppMessaging-Beta */,
				A1D5E0E92CFF438200040A94 /* FirebaseInstallations */,
				A1D5E0EB2CFF438200040A94 /* FirebaseMLModelDownloader */,
				A1D5E0ED2CFF438200040A94 /* FirebaseMessaging */,
				A1D5E0EF2CFF438200040A94 /* FirebasePerformance */,
				A1D5E0F12CFF438200040A94 /* FirebaseRemoteConfig */,
				A1D5E0F32CFF438200040A94 /* FirebaseStorage */,
				A1D5E0F52CFF438200040A94 /* FirebaseStorageCombine-Community */,
				A1D5E0F72CFF438200040A94 /* FirebaseVertexAI */,
			);
			productName = PunchSync;
			productReference = A1D5E0B52CFF392400040A94 /* PunchSync.app */;
			productType = "com.apple.product-type.application";
		};
/* End PBXNativeTarget section */

/* Begin PBXProject section */
		A1D5E0AD2CFF392400040A94 /* Project object */ = {
			isa = PBXProject;
			attributes = {
				BuildIndependentTargetsInParallel = 1;
				LastSwiftUpdateCheck = 1500;
				LastUpgradeCheck = 1500;
				TargetAttributes = {
					A1D5E0B42CFF392400040A94 = {
						CreatedOnToolsVersion = 15.0.1;
					};
				};
			};
			buildConfigurationList = A1D5E0B02CFF392400040A94 /* Build configuration list for PBXProject "PunchSync" */;
			compatibilityVersion = "Xcode 14.0";
			developmentRegion = en;
			hasScannedForEncodings = 0;
			knownRegions = (
				en,
				Base,
			);
			mainGroup = A1D5E0AC2CFF392400040A94;
			packageReferences = (
				A1D5E0C82CFF438200040A94 /* XCRemoteSwiftPackageReference "firebase-ios-sdk" */,
			);
			productRefGroup = A1D5E0B62CFF392400040A94 /* Products */;
			projectDirPath = "";
			projectRoot = "";
			targets = (
				A1D5E0B42CFF392400040A94 /* PunchSync */,
			);
		};
/* End PBXProject section */

/* Begin PBXResourcesBuildPhase section */
		A1D5E0B32CFF392400040A94 /* Resources */ = {
			isa = PBXResourcesBuildPhase;
			buildActionMask = 2147483647;
			files = (
				A1D5E0C02CFF392600040A94 /* Preview Assets.xcassets in Resources */,
				A1D5E0BD2CFF392600040A94 /* Assets.xcassets in Resources */,
				A1D5E0FA2CFF466700040A94 /* GoogleService-Info.plist in Resources */,
			);
			runOnlyForDeploymentPostprocessing = 0;
		};
/* End PBXResourcesBuildPhase section */

/* Begin PBXSourcesBuildPhase section */
		A1D5E0B12CFF392400040A94 /* Sources */ = {
			isa = PBXSourcesBuildPhase;
			buildActionMask = 2147483647;
			files = (
				A1D5E0BB2CFF392400040A94 /* ContentView.swift in Sources */,
				A1D5E0B92CFF392400040A94 /* PunchSyncApp.swift in Sources */,
			);
			runOnlyForDeploymentPostprocessing = 0;
		};
/* End PBXSourcesBuildPhase section */

/* Begin XCBuildConfiguration section */
		A1D5E0C12CFF392600040A94 /* Debug */ = {
			isa = XCBuildConfiguration;
			buildSettings = {
				ALWAYS_SEARCH_USER_PATHS = NO;
				ASSETCATALOG_COMPILER_GENERATE_SWIFT_ASSET_SYMBOL_EXTENSIONS = YES;
				CLANG_ANALYZER_NONNULL = YES;
				CLANG_ANALYZER_NUMBER_OBJECT_CONVERSION = YES_AGGRESSIVE;
				CLANG_CXX_LANGUAGE_STANDARD = "gnu++20";
				CLANG_ENABLE_MODULES = YES;
				CLANG_ENABLE_OBJC_ARC = YES;
				CLANG_ENABLE_OBJC_WEAK = YES;
				CLANG_WARN_BLOCK_CAPTURE_AUTORELEASING = YES;
				CLANG_WARN_BOOL_CONVERSION = YES;
				CLANG_WARN_COMMA = YES;
				CLANG_WARN_CONSTANT_CONVERSION = YES;
				CLANG_WARN_DEPRECATED_OBJC_IMPLEMENTATIONS = YES;
				CLANG_WARN_DIRECT_OBJC_ISA_USAGE = YES_ERROR;
				CLANG_WARN_DOCUMENTATION_COMMENTS = YES;
				CLANG_WARN_EMPTY_BODY = YES;
				CLANG_WARN_ENUM_CONVERSION = YES;
				CLANG_WARN_INFINITE_RECURSION = YES;
				CLANG_WARN_INT_CONVERSION = YES;
				CLANG_WARN_NON_LITERAL_NULL_CONVERSION = YES;
				CLANG_WARN_OBJC_IMPLICIT_RETAIN_SELF = YES;
				CLANG_WARN_OBJC_LITERAL_CONVERSION = YES;
				CLANG_WARN_OBJC_ROOT_CLASS = YES_ERROR;
				CLANG_WARN_QUOTED_INCLUDE_IN_FRAMEWORK_HEADER = YES;
				CLANG_WARN_RANGE_LOOP_ANALYSIS = YES;
				CLANG_WARN_STRICT_PROTOTYPES = YES;
				CLANG_WARN_SUSPICIOUS_MOVE = YES;
				CLANG_WARN_UNGUARDED_AVAILABILITY = YES_AGGRESSIVE;
				CLANG_WARN_UNREACHABLE_CODE = YES;
				CLANG_WARN__DUPLICATE_METHOD_MATCH = YES;
				COPY_PHASE_STRIP = NO;
				DEBUG_INFORMATION_FORMAT = dwarf;
				ENABLE_STRICT_OBJC_MSGSEND = YES;
				ENABLE_TESTABILITY = YES;
				ENABLE_USER_SCRIPT_SANDBOXING = YES;
				GCC_C_LANGUAGE_STANDARD = gnu17;
				GCC_DYNAMIC_NO_PIC = NO;
				GCC_NO_COMMON_BLOCKS = YES;
				GCC_OPTIMIZATION_LEVEL = 0;
				GCC_PREPROCESSOR_DEFINITIONS = (
					"DEBUG=1",
					"$(inherited)",
				);
				GCC_WARN_64_TO_32_BIT_CONVERSION = YES;
				GCC_WARN_ABOUT_RETURN_TYPE = YES_ERROR;
				GCC_WARN_UNDECLARED_SELECTOR = YES;
				GCC_WARN_UNINITIALIZED_AUTOS = YES_AGGRESSIVE;
				GCC_WARN_UNUSED_FUNCTION = YES;
				GCC_WARN_UNUSED_VARIABLE = YES;
				IPHONEOS_DEPLOYMENT_TARGET = 17.0;
				LOCALIZATION_PREFERS_STRING_CATALOGS = YES;
				MTL_ENABLE_DEBUG_INFO = INCLUDE_SOURCE;
				MTL_FAST_MATH = YES;
				ONLY_ACTIVE_ARCH = YES;
				SDKROOT = iphoneos;
				SWIFT_ACTIVE_COMPILATION_CONDITIONS = "DEBUG $(inherited)";
				SWIFT_OPTIMIZATION_LEVEL = "-Onone";
			};
			name = Debug;
		};
		A1D5E0C22CFF392600040A94 /* Release */ = {
			isa = XCBuildConfiguration;
			buildSettings = {
				ALWAYS_SEARCH_USER_PATHS = NO;
				ASSETCATALOG_COMPILER_GENERATE_SWIFT_ASSET_SYMBOL_EXTENSIONS = YES;
				CLANG_ANALYZER_NONNULL = YES;
				CLANG_ANALYZER_NUMBER_OBJECT_CONVERSION = YES_AGGRESSIVE;
				CLANG_CXX_LANGUAGE_STANDARD = "gnu++20";
				CLANG_ENABLE_MODULES = YES;
				CLANG_ENABLE_OBJC_ARC = YES;
				CLANG_ENABLE_OBJC_WEAK = YES;
				CLANG_WARN_BLOCK_CAPTURE_AUTORELEASING = YES;
				CLANG_WARN_BOOL_CONVERSION = YES;
				CLANG_WARN_COMMA = YES;
				CLANG_WARN_CONSTANT_CONVERSION = YES;
				CLANG_WARN_DEPRECATED_OBJC_IMPLEMENTATIONS = YES;
				CLANG_WARN_DIRECT_OBJC_ISA_USAGE = YES_ERROR;
				CLANG_WARN_DOCUMENTATION_COMMENTS = YES;
				CLANG_WARN_EMPTY_BODY = YES;
				CLANG_WARN_ENUM_CONVERSION = YES;
				CLANG_WARN_INFINITE_RECURSION = YES;
				CLANG_WARN_INT_CONVERSION = YES;
				CLANG_WARN_NON_LITERAL_NULL_CONVERSION = YES;
				CLANG_WARN_OBJC_IMPLICIT_RETAIN_SELF = YES;
				CLANG_WARN_OBJC_LITERAL_CONVERSION = YES;
				CLANG_WARN_OBJC_ROOT_CLASS = YES_ERROR;
				CLANG_WARN_QUOTED_INCLUDE_IN_FRAMEWORK_HEADER = YES;
				CLANG_WARN_RANGE_LOOP_ANALYSIS = YES;
				CLANG_WARN_STRICT_PROTOTYPES = YES;
				CLANG_WARN_SUSPICIOUS_MOVE = YES;
				CLANG_WARN_UNGUARDED_AVAILABILITY = YES_AGGRESSIVE;
				CLANG_WARN_UNREACHABLE_CODE = YES;
				CLANG_WARN__DUPLICATE_METHOD_MATCH = YES;
				COPY_PHASE_STRIP = NO;
				DEBUG_INFORMATION_FORMAT = "dwarf-with-dsym";
				ENABLE_NS_ASSERTIONS = NO;
				ENABLE_STRICT_OBJC_MSGSEND = YES;
				ENABLE_USER_SCRIPT_SANDBOXING = YES;
				GCC_C_LANGUAGE_STANDARD = gnu17;
				GCC_NO_COMMON_BLOCKS = YES;
				GCC_WARN_64_TO_32_BIT_CONVERSION = YES;
				GCC_WARN_ABOUT_RETURN_TYPE = YES_ERROR;
				GCC_WARN_UNDECLARED_SELECTOR = YES;
				GCC_WARN_UNINITIALIZED_AUTOS = YES_AGGRESSIVE;
				GCC_WARN_UNUSED_FUNCTION = YES;
				GCC_WARN_UNUSED_VARIABLE = YES;
				IPHONEOS_DEPLOYMENT_TARGET = 17.0;
				LOCALIZATION_PREFERS_STRING_CATALOGS = YES;
				MTL_ENABLE_DEBUG_INFO = NO;
				MTL_FAST_MATH = YES;
				SDKROOT = iphoneos;
				SWIFT_COMPILATION_MODE = wholemodule;
				VALIDATE_PRODUCT = YES;
			};
			name = Release;
		};
		A1D5E0C42CFF392600040A94 /* Debug */ = {
			isa = XCBuildConfiguration;
			buildSettings = {
				ASSETCATALOG_COMPILER_APPICON_NAME = AppIcon;
				ASSETCATALOG_COMPILER_GLOBAL_ACCENT_COLOR_NAME = AccentColor;
				CODE_SIGN_STYLE = Automatic;
				CURRENT_PROJECT_VERSION = 1;
				DEVELOPMENT_ASSET_PATHS = "\"PunchSync/Preview Content\"";
				DEVELOPMENT_TEAM = 75G77QY4M5;
				ENABLE_PREVIEWS = YES;
				GENERATE_INFOPLIST_FILE = YES;
				INFOPLIST_KEY_UIApplicationSceneManifest_Generation = YES;
				INFOPLIST_KEY_UIApplicationSupportsIndirectInputEvents = YES;
				INFOPLIST_KEY_UILaunchScreen_Generation = YES;
				INFOPLIST_KEY_UISupportedInterfaceOrientations_iPad = "UIInterfaceOrientationPortrait UIInterfaceOrientationPortraitUpsideDown UIInterfaceOrientationLandscapeLeft UIInterfaceOrientationLandscapeRight";
				INFOPLIST_KEY_UISupportedInterfaceOrientations_iPhone = "UIInterfaceOrientationPortrait UIInterfaceOrientationLandscapeLeft UIInterfaceOrientationLandscapeRight";
				LD_RUNPATH_SEARCH_PATHS = (
					"$(inherited)",
					"@executable_path/Frameworks",
				);
				MARKETING_VERSION = 1.0;
				PRODUCT_BUNDLE_IDENTIFIER = com.Subho.PunchSync.PunchSync;
				PRODUCT_NAME = "$(TARGET_NAME)";
				SWIFT_EMIT_LOC_STRINGS = YES;
				SWIFT_VERSION = 5.0;
				TARGETED_DEVICE_FAMILY = "1,2";
			};
			name = Debug;
		};
		A1D5E0C52CFF392600040A94 /* Release */ = {
			isa = XCBuildConfiguration;
			buildSettings = {
				ASSETCATALOG_COMPILER_APPICON_NAME = AppIcon;
				ASSETCATALOG_COMPILER_GLOBAL_ACCENT_COLOR_NAME = AccentColor;
				CODE_SIGN_STYLE = Automatic;
				CURRENT_PROJECT_VERSION = 1;
				DEVELOPMENT_ASSET_PATHS = "\"PunchSync/Preview Content\"";
				DEVELOPMENT_TEAM = 75G77QY4M5;
				ENABLE_PREVIEWS = YES;
				GENERATE_INFOPLIST_FILE = YES;
				INFOPLIST_KEY_UIApplicationSceneManifest_Generation = YES;
				INFOPLIST_KEY_UIApplicationSupportsIndirectInputEvents = YES;
				INFOPLIST_KEY_UILaunchScreen_Generation = YES;
				INFOPLIST_KEY_UISupportedInterfaceOrientations_iPad = "UIInterfaceOrientationPortrait UIInterfaceOrientationPortraitUpsideDown UIInterfaceOrientationLandscapeLeft UIInterfaceOrientationLandscapeRight";
				INFOPLIST_KEY_UISupportedInterfaceOrientations_iPhone = "UIInterfaceOrientationPortrait UIInterfaceOrientationLandscapeLeft UIInterfaceOrientationLandscapeRight";
				LD_RUNPATH_SEARCH_PATHS = (
					"$(inherited)",
					"@executable_path/Frameworks",
				);
				MARKETING_VERSION = 1.0;
				PRODUCT_BUNDLE_IDENTIFIER = com.Subho.PunchSync.PunchSync;
				PRODUCT_NAME = "$(TARGET_NAME)";
				SWIFT_EMIT_LOC_STRINGS = YES;
				SWIFT_VERSION = 5.0;
				TARGETED_DEVICE_FAMILY = "1,2";
			};
			name = Release;
		};
/* End XCBuildConfiguration section */

/* Begin XCConfigurationList section */
		A1D5E0B02CFF392400040A94 /* Build configuration list for PBXProject "PunchSync" */ = {
			isa = XCConfigurationList;
			buildConfigurations = (
				A1D5E0C12CFF392600040A94 /* Debug */,
				A1D5E0C22CFF392600040A94 /* Release */,
			);
			defaultConfigurationIsVisible = 0;
			defaultConfigurationName = Release;
		};
		A1D5E0C32CFF392600040A94 /* Build configuration list for PBXNativeTarget "PunchSync" */ = {
			isa = XCConfigurationList;
			buildConfigurations = (
				A1D5E0C42CFF392600040A94 /* Debug */,
				A1D5E0C52CFF392600040A94 /* Release */,
			);
			defaultConfigurationIsVisible = 0;
			defaultConfigurationName = Release;
		};
/* End XCConfigurationList section */

/* Begin XCRemoteSwiftPackageReference section */
		A1D5E0C82CFF438200040A94 /* XCRemoteSwiftPackageReference "firebase-ios-sdk" */ = {
			isa = XCRemoteSwiftPackageReference;
			repositoryURL = "https://github.com/firebase/firebase-ios-sdk";
			requirement = {
				kind = upToNextMajorVersion;
				minimumVersion = 11.5.0;
			};
		};
/* End XCRemoteSwiftPackageReference section */

/* Begin XCSwiftPackageProductDependency section */
		A1D5E0C92CFF438200040A94 /* FirebaseAnalytics */ = {
			isa = XCSwiftPackageProductDependency;
			package = A1D5E0C82CFF438200040A94 /* XCRemoteSwiftPackageReference "firebase-ios-sdk" */;
			productName = FirebaseAnalytics;
		};
		A1D5E0CB2CFF438200040A94 /* FirebaseAnalyticsOnDeviceConversion */ = {
			isa = XCSwiftPackageProductDependency;
			package = A1D5E0C82CFF438200040A94 /* XCRemoteSwiftPackageReference "firebase-ios-sdk" */;
			productName = FirebaseAnalyticsOnDeviceConversion;
		};
		A1D5E0CD2CFF438200040A94 /* FirebaseAnalyticsWithoutAdIdSupport */ = {
			isa = XCSwiftPackageProductDependency;
			package = A1D5E0C82CFF438200040A94 /* XCRemoteSwiftPackageReference "firebase-ios-sdk" */;
			productName = FirebaseAnalyticsWithoutAdIdSupport;
		};
		A1D5E0CF2CFF438200040A94 /* FirebaseAppCheck */ = {
			isa = XCSwiftPackageProductDependency;
			package = A1D5E0C82CFF438200040A94 /* XCRemoteSwiftPackageReference "firebase-ios-sdk" */;
			productName = FirebaseAppCheck;
		};
		A1D5E0D12CFF438200040A94 /* FirebaseAppDistribution-Beta */ = {
			isa = XCSwiftPackageProductDependency;
			package = A1D5E0C82CFF438200040A94 /* XCRemoteSwiftPackageReference "firebase-ios-sdk" */;
			productName = "FirebaseAppDistribution-Beta";
		};
		A1D5E0D32CFF438200040A94 /* FirebaseAuth */ = {
			isa = XCSwiftPackageProductDependency;
			package = A1D5E0C82CFF438200040A94 /* XCRemoteSwiftPackageReference "firebase-ios-sdk" */;
			productName = FirebaseAuth;
		};
		A1D5E0D52CFF438200040A94 /* FirebaseAuthCombine-Community */ = {
			isa = XCSwiftPackageProductDependency;
			package = A1D5E0C82CFF438200040A94 /* XCRemoteSwiftPackageReference "firebase-ios-sdk" */;
			productName = "FirebaseAuthCombine-Community";
		};
		A1D5E0D72CFF438200040A94 /* FirebaseCore */ = {
			isa = XCSwiftPackageProductDependency;
			package = A1D5E0C82CFF438200040A94 /* XCRemoteSwiftPackageReference "firebase-ios-sdk" */;
			productName = FirebaseCore;
		};
		A1D5E0D92CFF438200040A94 /* FirebaseCrashlytics */ = {
			isa = XCSwiftPackageProductDependency;
			package = A1D5E0C82CFF438200040A94 /* XCRemoteSwiftPackageReference "firebase-ios-sdk" */;
			productName = FirebaseCrashlytics;
		};
		A1D5E0DB2CFF438200040A94 /* FirebaseDatabase */ = {
			isa = XCSwiftPackageProductDependency;
			package = A1D5E0C82CFF438200040A94 /* XCRemoteSwiftPackageReference "firebase-ios-sdk" */;
			productName = FirebaseDatabase;
		};
		A1D5E0DD2CFF438200040A94 /* FirebaseDynamicLinks */ = {
			isa = XCSwiftPackageProductDependency;
			package = A1D5E0C82CFF438200040A94 /* XCRemoteSwiftPackageReference "firebase-ios-sdk" */;
			productName = FirebaseDynamicLinks;
		};
		A1D5E0DF2CFF438200040A94 /* FirebaseFirestore */ = {
			isa = XCSwiftPackageProductDependency;
			package = A1D5E0C82CFF438200040A94 /* XCRemoteSwiftPackageReference "firebase-ios-sdk" */;
			productName = FirebaseFirestore;
		};
		A1D5E0E12CFF438200040A94 /* FirebaseFirestoreCombine-Community */ = {
			isa = XCSwiftPackageProductDependency;
			package = A1D5E0C82CFF438200040A94 /* XCRemoteSwiftPackageReference "firebase-ios-sdk" */;
			productName = "FirebaseFirestoreCombine-Community";
		};
		A1D5E0E32CFF438200040A94 /* FirebaseFunctions */ = {
			isa = XCSwiftPackageProductDependency;
			package = A1D5E0C82CFF438200040A94 /* XCRemoteSwiftPackageReference "firebase-ios-sdk" */;
			productName = FirebaseFunctions;
		};
		A1D5E0E52CFF438200040A94 /* FirebaseFunctionsCombine-Community */ = {
			isa = XCSwiftPackageProductDependency;
			package = A1D5E0C82CFF438200040A94 /* XCRemoteSwiftPackageReference "firebase-ios-sdk" */;
			productName = "FirebaseFunctionsCombine-Community";
		};
		A1D5E0E72CFF438200040A94 /* FirebaseInAppMessaging-Beta */ = {
			isa = XCSwiftPackageProductDependency;
			package = A1D5E0C82CFF438200040A94 /* XCRemoteSwiftPackageReference "firebase-ios-sdk" */;
			productName = "FirebaseInAppMessaging-Beta";
		};
		A1D5E0E92CFF438200040A94 /* FirebaseInstallations */ = {
			isa = XCSwiftPackageProductDependency;
			package = A1D5E0C82CFF438200040A94 /* XCRemoteSwiftPackageReference "firebase-ios-sdk" */;
			productName = FirebaseInstallations;
		};
		A1D5E0EB2CFF438200040A94 /* FirebaseMLModelDownloader */ = {
			isa = XCSwiftPackageProductDependency;
			package = A1D5E0C82CFF438200040A94 /* XCRemoteSwiftPackageReference "firebase-ios-sdk" */;
			productName = FirebaseMLModelDownloader;
		};
		A1D5E0ED2CFF438200040A94 /* FirebaseMessaging */ = {
			isa = XCSwiftPackageProductDependency;
			package = A1D5E0C82CFF438200040A94 /* XCRemoteSwiftPackageReference "firebase-ios-sdk" */;
			productName = FirebaseMessaging;
		};
		A1D5E0EF2CFF438200040A94 /* FirebasePerformance */ = {
			isa = XCSwiftPackageProductDependency;
			package = A1D5E0C82CFF438200040A94 /* XCRemoteSwiftPackageReference "firebase-ios-sdk" */;
			productName = FirebasePerformance;
		};
		A1D5E0F12CFF438200040A94 /* FirebaseRemoteConfig */ = {
			isa = XCSwiftPackageProductDependency;
			package = A1D5E0C82CFF438200040A94 /* XCRemoteSwiftPackageReference "firebase-ios-sdk" */;
			productName = FirebaseRemoteConfig;
		};
		A1D5E0F32CFF438200040A94 /* FirebaseStorage */ = {
			isa = XCSwiftPackageProductDependency;
			package = A1D5E0C82CFF438200040A94 /* XCRemoteSwiftPackageReference "firebase-ios-sdk" */;
			productName = FirebaseStorage;
		};
		A1D5E0F52CFF438200040A94 /* FirebaseStorageCombine-Community */ = {
			isa = XCSwiftPackageProductDependency;
			package = A1D5E0C82CFF438200040A94 /* XCRemoteSwiftPackageReference "firebase-ios-sdk" */;
			productName = "FirebaseStorageCombine-Community";
		};
		A1D5E0F72CFF438200040A94 /* FirebaseVertexAI */ = {
			isa = XCSwiftPackageProductDependency;
			package = A1D5E0C82CFF438200040A94 /* XCRemoteSwiftPackageReference "firebase-ios-sdk" */;
			productName = FirebaseVertexAI;
		};
/* End XCSwiftPackageProductDependency section */
	};
	rootObject = A1D5E0AD2CFF392400040A94 /* Project object */;
}
